
Microsoft Visual Studio Solution File, Format Version 12.00
# Visual Studio Version 17
VisualStudioVersion = 17.5.2.0
MinimumVisualStudioVersion = 10.0.40219.1
Project("{FAE04EC0-301F-11D3-BF4B-00C04F79EFBC}") = "UnitTestForAPI", "UnitTestForAPI.csproj", "{19934BD8-C47D-6D82-C31C-5ED3869B3C69}"
EndProject
Project("{FAE04EC0-301F-11D3-BF4B-00C04F79EFBC}") = "FlightDetailApi", "..\FlightDetailApi\FlightDetailApi.csproj", "{67FDF0B6-C981-4691-AB2C-C99D589A8C7C}"
EndProject
Global
	GlobalSection(SolutionConfigurationPlatforms) = preSolution
		Debug|Any CPU = Debug|Any CPU
		Release|Any CPU = Release|Any CPU
	EndGlobalSection
	GlobalSection(ProjectConfigurationPlatforms) = postSolution
		{19934BD8-C47D-6D82-C31C-5ED3869B3C69}.Debug|Any CPU.ActiveCfg = Debug|Any CPU
		{19934BD8-C47D-6D82-C31C-5ED3869B3C69}.Debug|Any CPU.Build.0 = Debug|Any CPU
		{19934BD8-C47D-6D82-C31C-5ED3869B3C69}.Release|Any CPU.ActiveCfg = Release|Any CPU
		{19934BD8-C47D-6D82-C31C-5ED3869B3C69}.Release|Any CPU.Build.0 = Release|Any CPU
		{67FDF0B6-C981-4691-AB2C-C99D589A8C7C}.Debug|Any CPU.ActiveCfg = Debug|Any CPU
		{67FDF0B6-C981-4691-AB2C-C99D589A8C7C}.Debug|Any CPU.Build.0 = Debug|Any CPU
		{67FDF0B6-C981-4691-AB2C-C99D589A8C7C}.Release|Any CPU.ActiveCfg = Release|Any CPU
		{67FDF0B6-C981-4691-AB2C-C99D589A8C7C}.Release|Any CPU.Build.0 = Release|Any CPU
	EndGlobalSection
	GlobalSection(SolutionProperties) = preSolution
		HideSolutionNode = FALSE
	EndGlobalSection
	GlobalSection(ExtensibilityGlobals) = postSolution
		SolutionGuid = {26CDBABC-194B-45F2-B521-ED4402D97B5D}
	EndGlobalSection
EndGlobal
